
Microsoft Visual Studio Solution File, Format Version 12.00
# Visual Studio Version 16
VisualStudioVersion = 16.0.31019.35
MinimumVisualStudioVersion = 10.0.40219.1
Project("{FAE04EC0-301F-11D3-BF4B-00C04F79EFBC}") = "ShoppingCart", "ShoppingCart\ShoppingCart.csproj", "{059F9C11-0D7C-4FC2-858F-6D202588C04C}"
EndProject
Global
	GlobalSection(SolutionConfigurationPlatforms) = preSolution
		Debug|Any CPU = Debug|Any CPU
		Release|Any CPU = Release|Any CPU
	EndGlobalSection
	GlobalSection(ProjectConfigurationPlatforms) = postSolution
		{059F9C11-0D7C-4FC2-858F-6D202588C04C}.Debug|Any CPU.ActiveCfg = Debug|Any CPU
		{059F9C11-0D7C-4FC2-858F-6D202588C04C}.Debug|Any CPU.Build.0 = Debug|Any CPU
		{059F9C11-0D7C-4FC2-858F-6D202588C04C}.Release|Any CPU.ActiveCfg = Release|Any CPU
		{059F9C11-0D7C-4FC2-858F-6D202588C04C}.Release|Any CPU.Build.0 = Release|Any CPU
	EndGlobalSection
	GlobalSection(SolutionProperties) = preSolution
		HideSolutionNode = FALSE
	EndGlobalSection
	GlobalSection(ExtensibilityGlobals) = postSolution
		SolutionGuid = {0C28D021-3E2E-489E-8867-637D65946C11}
	EndGlobalSection
EndGlobal
